
Microsoft Visual Studio Solution File, Format Version 12.00
# Visual Studio Version 17
VisualStudioVersion = 17.8.34330.188
MinimumVisualStudioVersion = 10.0.40219.1
Project("{9A19103F-16F7-4668-BE54-9A1E7A4F7556}") = "SvgDotnet.Serialization", "SvgDotnet.Serialization\SvgDotnet.Serialization.csproj", "{C2033855-C555-40B9-A1C3-9CDAC2D6A57E}"
EndProject
Project("{9A19103F-16F7-4668-BE54-9A1E7A4F7556}") = "SvgDotnet", "SvgDotnet\SvgDotnet.csproj", "{A6D2F574-6DDC-4C33-85F0-6A9ECD2AE7AE}"
EndProject
Project("{9A19103F-16F7-4668-BE54-9A1E7A4F7556}") = "SvgToXaml", "SvgToXaml\SvgToXaml.csproj", "{C34C9769-3BA8-4826-8A59-3DEF67516E90}"
EndProject
Project("{9A19103F-16F7-4668-BE54-9A1E7A4F7556}") = "SvgToXaml.Tests.Utils", "SvgToXaml.Tests.Utils\SvgToXaml.Tests.Utils.csproj", "{3BA10058-436C-44FA-B7F5-8C2EFDF43636}"
EndProject
Project("{9A19103F-16F7-4668-BE54-9A1E7A4F7556}") = "SvgToXaml.Tests", "SvgToXaml.Tests\SvgToXaml.Tests.csproj", "{45113D41-262E-47FD-A2C7-4E397CB3AC85}"
EndProject
Project("{2150E333-8FDC-42A3-9474-1A3956D46DE8}") = "Solution Items", "Solution Items", "{04CD9432-6E6E-4A66-B490-25D8F12E0289}"
	ProjectSection(SolutionItems) = preProject
		Directory.build.props = Directory.build.props
	EndProjectSection
EndProject
Project("{9A19103F-16F7-4668-BE54-9A1E7A4F7556}") = "SvgToXaml.Conversion", "SvgToXaml.Conversion\SvgToXaml.Conversion.csproj", "{8AD0266D-55C5-4AFF-83F3-4D8092F091FD}"
EndProject
Project("{9A19103F-16F7-4668-BE54-9A1E7A4F7556}") = "CssColors", "CssColors\CssColors.csproj", "{6DCAFE0B-0746-43FE-B91F-480FE0AE7BD8}"
EndProject
Project("{2150E333-8FDC-42A3-9474-1A3956D46DE8}") = "Tests", "Tests", "{3A633B30-9880-4DF6-BBFD-BFAB7FCC9FC2}"
EndProject
Project("{2150E333-8FDC-42A3-9474-1A3956D46DE8}") = "Utility Apps", "Utility Apps", "{C17D34E9-B9F1-49F5-AAD5-8BA62961487C}"
EndProject
Project("{9A19103F-16F7-4668-BE54-9A1E7A4F7556}") = "SvgToXaml.Infrastructure", "SvgToXaml.Infrastructure\SvgToXaml.Infrastructure.csproj", "{EA66992A-99E8-443D-8033-7C8D7B243AE1}"
EndProject
Project("{9A19103F-16F7-4668-BE54-9A1E7A4F7556}") = "SvgToXaml.Application", "SvgToXaml.Application\SvgToXaml.Application.csproj", "{80BDE73C-07CF-4A33-B523-F9CF17586122}"
EndProject
Project("{2150E333-8FDC-42A3-9474-1A3956D46DE8}") = "Ports", "Ports", "{67A3D1F5-C3FE-4794-92D2-1276E24BA819}"
EndProject
Project("{2150E333-8FDC-42A3-9474-1A3956D46DE8}") = "Adapters", "Adapters", "{3B2ED03C-C43B-44DD-A7D1-1A12DAF7CACE}"
EndProject
Project("{9A19103F-16F7-4668-BE54-9A1E7A4F7556}") = "SvgToXaml.Ports.UserAccess", "SvgToXaml.Ports.UserAccess\SvgToXaml.Ports.UserAccess.csproj", "{AE34433F-6DFE-4FD3-B624-FC3E016498A8}"
EndProject
Project("{9A19103F-16F7-4668-BE54-9A1E7A4F7556}") = "SvgToXaml.UserAccess", "SvgToXaml.UserAccess\SvgToXaml.UserAccess.csproj", "{F9E2C12A-D977-42D5-B761-7E8CAA6D4402}"
EndProject
Project("{9A19103F-16F7-4668-BE54-9A1E7A4F7556}") = "SvgToXaml.Ports.FileAccess", "SvgToXaml.Ports.FileAccess\SvgToXaml.Ports.FileAccess.csproj", "{32B40DD2-304D-4A23-8A0C-C58C359B3F5B}"
EndProject
Project("{9A19103F-16F7-4668-BE54-9A1E7A4F7556}") = "SvgToXaml.FileAccess", "SvgToXaml.FileAccess\SvgToXaml.FileAccess.csproj", "{811623A5-4A28-4723-8FEB-F33B10BB9AE0}"
EndProject
Project("{2150E333-8FDC-42A3-9474-1A3956D46DE8}") = "SvgDotnet", "SvgDotnet", "{AA8D9BAA-4A90-48BB-84D5-31DC53D0DA6C}"
EndProject
Project("{2150E333-8FDC-42A3-9474-1A3956D46DE8}") = "SvgToXaml", "SvgToXaml", "{6CB88766-C63B-41B0-8FC1-C14D83E70159}"
EndProject
Project("{9A19103F-16F7-4668-BE54-9A1E7A4F7556}") = "SvgDotnet.Tests", "SvgDotnet.Tests\SvgDotnet.Tests.csproj", "{43C9D84B-CEFD-4313-8447-C9B46369B981}"
EndProject
Project("{FAE04EC0-301F-11D3-BF4B-00C04F79EFBC}") = "SvgToXaml.Presentation", "SvgToXaml.Presentation\SvgToXaml.Presentation.csproj", "{FF5218D0-CD67-4EC9-A823-149334FA4B86}"
EndProject
Global
	GlobalSection(SolutionConfigurationPlatforms) = preSolution
		Debug|Any CPU = Debug|Any CPU
		Release|Any CPU = Release|Any CPU
	EndGlobalSection
	GlobalSection(ProjectConfigurationPlatforms) = postSolution
		{C2033855-C555-40B9-A1C3-9CDAC2D6A57E}.Debug|Any CPU.ActiveCfg = Debug|Any CPU
		{C2033855-C555-40B9-A1C3-9CDAC2D6A57E}.Debug|Any CPU.Build.0 = Debug|Any CPU
		{C2033855-C555-40B9-A1C3-9CDAC2D6A57E}.Release|Any CPU.ActiveCfg = Release|Any CPU
		{C2033855-C555-40B9-A1C3-9CDAC2D6A57E}.Release|Any CPU.Build.0 = Release|Any CPU
		{A6D2F574-6DDC-4C33-85F0-6A9ECD2AE7AE}.Debug|Any CPU.ActiveCfg = Debug|Any CPU
		{A6D2F574-6DDC-4C33-85F0-6A9ECD2AE7AE}.Debug|Any CPU.Build.0 = Debug|Any CPU
		{A6D2F574-6DDC-4C33-85F0-6A9ECD2AE7AE}.Release|Any CPU.ActiveCfg = Release|Any CPU
		{A6D2F574-6DDC-4C33-85F0-6A9ECD2AE7AE}.Release|Any CPU.Build.0 = Release|Any CPU
		{C34C9769-3BA8-4826-8A59-3DEF67516E90}.Debug|Any CPU.ActiveCfg = Debug|Any CPU
		{C34C9769-3BA8-4826-8A59-3DEF67516E90}.Debug|Any CPU.Build.0 = Debug|Any CPU
		{C34C9769-3BA8-4826-8A59-3DEF67516E90}.Release|Any CPU.ActiveCfg = Release|Any CPU
		{C34C9769-3BA8-4826-8A59-3DEF67516E90}.Release|Any CPU.Build.0 = Release|Any CPU
		{3BA10058-436C-44FA-B7F5-8C2EFDF43636}.Debug|Any CPU.ActiveCfg = Debug|Any CPU
		{3BA10058-436C-44FA-B7F5-8C2EFDF43636}.Debug|Any CPU.Build.0 = Debug|Any CPU
		{3BA10058-436C-44FA-B7F5-8C2EFDF43636}.Release|Any CPU.ActiveCfg = Release|Any CPU
		{3BA10058-436C-44FA-B7F5-8C2EFDF43636}.Release|Any CPU.Build.0 = Release|Any CPU
		{45113D41-262E-47FD-A2C7-4E397CB3AC85}.Debug|Any CPU.ActiveCfg = Debug|Any CPU
		{45113D41-262E-47FD-A2C7-4E397CB3AC85}.Debug|Any CPU.Build.0 = Debug|Any CPU
		{45113D41-262E-47FD-A2C7-4E397CB3AC85}.Release|Any CPU.ActiveCfg = Release|Any CPU
		{45113D41-262E-47FD-A2C7-4E397CB3AC85}.Release|Any CPU.Build.0 = Release|Any CPU
		{8AD0266D-55C5-4AFF-83F3-4D8092F091FD}.Debug|Any CPU.ActiveCfg = Debug|Any CPU
		{8AD0266D-55C5-4AFF-83F3-4D8092F091FD}.Debug|Any CPU.Build.0 = Debug|Any CPU
		{8AD0266D-55C5-4AFF-83F3-4D8092F091FD}.Release|Any CPU.ActiveCfg = Release|Any CPU
		{8AD0266D-55C5-4AFF-83F3-4D8092F091FD}.Release|Any CPU.Build.0 = Release|Any CPU
		{6DCAFE0B-0746-43FE-B91F-480FE0AE7BD8}.Debug|Any CPU.ActiveCfg = Debug|Any CPU
		{6DCAFE0B-0746-43FE-B91F-480FE0AE7BD8}.Debug|Any CPU.Build.0 = Debug|Any CPU
		{6DCAFE0B-0746-43FE-B91F-480FE0AE7BD8}.Release|Any CPU.ActiveCfg = Release|Any CPU
		{6DCAFE0B-0746-43FE-B91F-480FE0AE7BD8}.Release|Any CPU.Build.0 = Release|Any CPU
		{EA66992A-99E8-443D-8033-7C8D7B243AE1}.Debug|Any CPU.ActiveCfg = Debug|Any CPU
		{EA66992A-99E8-443D-8033-7C8D7B243AE1}.Debug|Any CPU.Build.0 = Debug|Any CPU
		{EA66992A-99E8-443D-8033-7C8D7B243AE1}.Release|Any CPU.ActiveCfg = Release|Any CPU
		{EA66992A-99E8-443D-8033-7C8D7B243AE1}.Release|Any CPU.Build.0 = Release|Any CPU
		{80BDE73C-07CF-4A33-B523-F9CF17586122}.Debug|Any CPU.ActiveCfg = Debug|Any CPU
		{80BDE73C-07CF-4A33-B523-F9CF17586122}.Debug|Any CPU.Build.0 = Debug|Any CPU
		{80BDE73C-07CF-4A33-B523-F9CF17586122}.Release|Any CPU.ActiveCfg = Release|Any CPU
		{80BDE73C-07CF-4A33-B523-F9CF17586122}.Release|Any CPU.Build.0 = Release|Any CPU
		{AE34433F-6DFE-4FD3-B624-FC3E016498A8}.Debug|Any CPU.ActiveCfg = Debug|Any CPU
		{AE34433F-6DFE-4FD3-B624-FC3E016498A8}.Debug|Any CPU.Build.0 = Debug|Any CPU
		{AE34433F-6DFE-4FD3-B624-FC3E016498A8}.Release|Any CPU.ActiveCfg = Release|Any CPU
		{AE34433F-6DFE-4FD3-B624-FC3E016498A8}.Release|Any CPU.Build.0 = Release|Any CPU
		{F9E2C12A-D977-42D5-B761-7E8CAA6D4402}.Debug|Any CPU.ActiveCfg = Debug|Any CPU
		{F9E2C12A-D977-42D5-B761-7E8CAA6D4402}.Debug|Any CPU.Build.0 = Debug|Any CPU
		{F9E2C12A-D977-42D5-B761-7E8CAA6D4402}.Release|Any CPU.ActiveCfg = Release|Any CPU
		{F9E2C12A-D977-42D5-B761-7E8CAA6D4402}.Release|Any CPU.Build.0 = Release|Any CPU
		{32B40DD2-304D-4A23-8A0C-C58C359B3F5B}.Debug|Any CPU.ActiveCfg = Debug|Any CPU
		{32B40DD2-304D-4A23-8A0C-C58C359B3F5B}.Debug|Any CPU.Build.0 = Debug|Any CPU
		{32B40DD2-304D-4A23-8A0C-C58C359B3F5B}.Release|Any CPU.ActiveCfg = Release|Any CPU
		{32B40DD2-304D-4A23-8A0C-C58C359B3F5B}.Release|Any CPU.Build.0 = Release|Any CPU
		{811623A5-4A28-4723-8FEB-F33B10BB9AE0}.Debug|Any CPU.ActiveCfg = Debug|Any CPU
		{811623A5-4A28-4723-8FEB-F33B10BB9AE0}.Debug|Any CPU.Build.0 = Debug|Any CPU
		{811623A5-4A28-4723-8FEB-F33B10BB9AE0}.Release|Any CPU.ActiveCfg = Release|Any CPU
		{811623A5-4A28-4723-8FEB-F33B10BB9AE0}.Release|Any CPU.Build.0 = Release|Any CPU
		{43C9D84B-CEFD-4313-8447-C9B46369B981}.Debug|Any CPU.ActiveCfg = Debug|Any CPU
		{43C9D84B-CEFD-4313-8447-C9B46369B981}.Debug|Any CPU.Build.0 = Debug|Any CPU
		{43C9D84B-CEFD-4313-8447-C9B46369B981}.Release|Any CPU.ActiveCfg = Release|Any CPU
		{43C9D84B-CEFD-4313-8447-C9B46369B981}.Release|Any CPU.Build.0 = Release|Any CPU
		{FF5218D0-CD67-4EC9-A823-149334FA4B86}.Debug|Any CPU.ActiveCfg = Debug|Any CPU
		{FF5218D0-CD67-4EC9-A823-149334FA4B86}.Debug|Any CPU.Build.0 = Debug|Any CPU
		{FF5218D0-CD67-4EC9-A823-149334FA4B86}.Release|Any CPU.ActiveCfg = Release|Any CPU
		{FF5218D0-CD67-4EC9-A823-149334FA4B86}.Release|Any CPU.Build.0 = Release|Any CPU
	EndGlobalSection
	GlobalSection(SolutionProperties) = preSolution
		HideSolutionNode = FALSE
	EndGlobalSection
	GlobalSection(NestedProjects) = preSolution
		{C2033855-C555-40B9-A1C3-9CDAC2D6A57E} = {AA8D9BAA-4A90-48BB-84D5-31DC53D0DA6C}
		{A6D2F574-6DDC-4C33-85F0-6A9ECD2AE7AE} = {AA8D9BAA-4A90-48BB-84D5-31DC53D0DA6C}
		{C34C9769-3BA8-4826-8A59-3DEF67516E90} = {6CB88766-C63B-41B0-8FC1-C14D83E70159}
		{3BA10058-436C-44FA-B7F5-8C2EFDF43636} = {3A633B30-9880-4DF6-BBFD-BFAB7FCC9FC2}
		{45113D41-262E-47FD-A2C7-4E397CB3AC85} = {6CB88766-C63B-41B0-8FC1-C14D83E70159}
		{8AD0266D-55C5-4AFF-83F3-4D8092F091FD} = {6CB88766-C63B-41B0-8FC1-C14D83E70159}
		{6DCAFE0B-0746-43FE-B91F-480FE0AE7BD8} = {C17D34E9-B9F1-49F5-AAD5-8BA62961487C}
		{EA66992A-99E8-443D-8033-7C8D7B243AE1} = {6CB88766-C63B-41B0-8FC1-C14D83E70159}
		{80BDE73C-07CF-4A33-B523-F9CF17586122} = {6CB88766-C63B-41B0-8FC1-C14D83E70159}
		{67A3D1F5-C3FE-4794-92D2-1276E24BA819} = {6CB88766-C63B-41B0-8FC1-C14D83E70159}
		{3B2ED03C-C43B-44DD-A7D1-1A12DAF7CACE} = {6CB88766-C63B-41B0-8FC1-C14D83E70159}
		{AE34433F-6DFE-4FD3-B624-FC3E016498A8} = {67A3D1F5-C3FE-4794-92D2-1276E24BA819}
		{F9E2C12A-D977-42D5-B761-7E8CAA6D4402} = {3B2ED03C-C43B-44DD-A7D1-1A12DAF7CACE}
		{32B40DD2-304D-4A23-8A0C-C58C359B3F5B} = {67A3D1F5-C3FE-4794-92D2-1276E24BA819}
		{811623A5-4A28-4723-8FEB-F33B10BB9AE0} = {3B2ED03C-C43B-44DD-A7D1-1A12DAF7CACE}
		{43C9D84B-CEFD-4313-8447-C9B46369B981} = {AA8D9BAA-4A90-48BB-84D5-31DC53D0DA6C}
		{FF5218D0-CD67-4EC9-A823-149334FA4B86} = {6CB88766-C63B-41B0-8FC1-C14D83E70159}
	EndGlobalSection
	GlobalSection(ExtensibilityGlobals) = postSolution
		SolutionGuid = {5252BD5F-48C8-432B-BC88-B093B544447D}
	EndGlobalSection
EndGlobal
