
Microsoft Visual Studio Solution File, Format Version 12.00
# Visual Studio Version 17
VisualStudioVersion = 17.8.34330.188
MinimumVisualStudioVersion = 10.0.40219.1
Project("{9A19103F-16F7-4668-BE54-9A1E7A4F7556}") = "SvgToXaml.Svg.Serialization", "SvgToXaml.Svg.Serialization\SvgToXaml.Svg.Serialization.csproj", "{C2033855-C555-40B9-A1C3-9CDAC2D6A57E}"
EndProject
Project("{9A19103F-16F7-4668-BE54-9A1E7A4F7556}") = "SvgToXaml.Svg", "SvgToXaml.Svg\SvgToXaml.Svg.csproj", "{A6D2F574-6DDC-4C33-85F0-6A9ECD2AE7AE}"
EndProject
Project("{9A19103F-16F7-4668-BE54-9A1E7A4F7556}") = "SvgToXaml", "SvgToXaml\SvgToXaml.csproj", "{C34C9769-3BA8-4826-8A59-3DEF67516E90}"
EndProject
Project("{9A19103F-16F7-4668-BE54-9A1E7A4F7556}") = "SvgToXaml.Tests.Utils", "SvgToXaml.Tests.Utils\SvgToXaml.Tests.Utils.csproj", "{3BA10058-436C-44FA-B7F5-8C2EFDF43636}"
EndProject
Project("{9A19103F-16F7-4668-BE54-9A1E7A4F7556}") = "SvgToXaml.Tests", "SvgToXaml.Tests\SvgToXaml.Tests.csproj", "{45113D41-262E-47FD-A2C7-4E397CB3AC85}"
EndProject
Project("{2150E333-8FDC-42A3-9474-1A3956D46DE8}") = "Solution Items", "Solution Items", "{04CD9432-6E6E-4A66-B490-25D8F12E0289}"
	ProjectSection(SolutionItems) = preProject
		Directory.build.props = Directory.build.props
	EndProjectSection
EndProject
Project("{9A19103F-16F7-4668-BE54-9A1E7A4F7556}") = "SvgToXaml.Conversion", "SvgToXaml.Conversion\SvgToXaml.Conversion.csproj", "{8AD0266D-55C5-4AFF-83F3-4D8092F091FD}"
EndProject
Project("{FAE04EC0-301F-11D3-BF4B-00C04F79EFBC}") = "CssColors", "CssColors\CssColors.csproj", "{6DCAFE0B-0746-43FE-B91F-480FE0AE7BD8}"
EndProject
Global
	GlobalSection(SolutionConfigurationPlatforms) = preSolution
		Debug|Any CPU = Debug|Any CPU
		Release|Any CPU = Release|Any CPU
	EndGlobalSection
	GlobalSection(ProjectConfigurationPlatforms) = postSolution
		{C2033855-C555-40B9-A1C3-9CDAC2D6A57E}.Debug|Any CPU.ActiveCfg = Debug|Any CPU
		{C2033855-C555-40B9-A1C3-9CDAC2D6A57E}.Debug|Any CPU.Build.0 = Debug|Any CPU
		{C2033855-C555-40B9-A1C3-9CDAC2D6A57E}.Release|Any CPU.ActiveCfg = Release|Any CPU
		{C2033855-C555-40B9-A1C3-9CDAC2D6A57E}.Release|Any CPU.Build.0 = Release|Any CPU
		{A6D2F574-6DDC-4C33-85F0-6A9ECD2AE7AE}.Debug|Any CPU.ActiveCfg = Debug|Any CPU
		{A6D2F574-6DDC-4C33-85F0-6A9ECD2AE7AE}.Debug|Any CPU.Build.0 = Debug|Any CPU
		{A6D2F574-6DDC-4C33-85F0-6A9ECD2AE7AE}.Release|Any CPU.ActiveCfg = Release|Any CPU
		{A6D2F574-6DDC-4C33-85F0-6A9ECD2AE7AE}.Release|Any CPU.Build.0 = Release|Any CPU
		{C34C9769-3BA8-4826-8A59-3DEF67516E90}.Debug|Any CPU.ActiveCfg = Debug|Any CPU
		{C34C9769-3BA8-4826-8A59-3DEF67516E90}.Debug|Any CPU.Build.0 = Debug|Any CPU
		{C34C9769-3BA8-4826-8A59-3DEF67516E90}.Release|Any CPU.ActiveCfg = Release|Any CPU
		{C34C9769-3BA8-4826-8A59-3DEF67516E90}.Release|Any CPU.Build.0 = Release|Any CPU
		{3BA10058-436C-44FA-B7F5-8C2EFDF43636}.Debug|Any CPU.ActiveCfg = Debug|Any CPU
		{3BA10058-436C-44FA-B7F5-8C2EFDF43636}.Debug|Any CPU.Build.0 = Debug|Any CPU
		{3BA10058-436C-44FA-B7F5-8C2EFDF43636}.Release|Any CPU.ActiveCfg = Release|Any CPU
		{3BA10058-436C-44FA-B7F5-8C2EFDF43636}.Release|Any CPU.Build.0 = Release|Any CPU
		{45113D41-262E-47FD-A2C7-4E397CB3AC85}.Debug|Any CPU.ActiveCfg = Debug|Any CPU
		{45113D41-262E-47FD-A2C7-4E397CB3AC85}.Debug|Any CPU.Build.0 = Debug|Any CPU
		{45113D41-262E-47FD-A2C7-4E397CB3AC85}.Release|Any CPU.ActiveCfg = Release|Any CPU
		{45113D41-262E-47FD-A2C7-4E397CB3AC85}.Release|Any CPU.Build.0 = Release|Any CPU
		{8AD0266D-55C5-4AFF-83F3-4D8092F091FD}.Debug|Any CPU.ActiveCfg = Debug|Any CPU
		{8AD0266D-55C5-4AFF-83F3-4D8092F091FD}.Debug|Any CPU.Build.0 = Debug|Any CPU
		{8AD0266D-55C5-4AFF-83F3-4D8092F091FD}.Release|Any CPU.ActiveCfg = Release|Any CPU
		{8AD0266D-55C5-4AFF-83F3-4D8092F091FD}.Release|Any CPU.Build.0 = Release|Any CPU
		{6DCAFE0B-0746-43FE-B91F-480FE0AE7BD8}.Debug|Any CPU.ActiveCfg = Debug|Any CPU
		{6DCAFE0B-0746-43FE-B91F-480FE0AE7BD8}.Debug|Any CPU.Build.0 = Debug|Any CPU
		{6DCAFE0B-0746-43FE-B91F-480FE0AE7BD8}.Release|Any CPU.ActiveCfg = Release|Any CPU
		{6DCAFE0B-0746-43FE-B91F-480FE0AE7BD8}.Release|Any CPU.Build.0 = Release|Any CPU
	EndGlobalSection
	GlobalSection(SolutionProperties) = preSolution
		HideSolutionNode = FALSE
	EndGlobalSection
	GlobalSection(ExtensibilityGlobals) = postSolution
		SolutionGuid = {5252BD5F-48C8-432B-BC88-B093B544447D}
	EndGlobalSection
EndGlobal
